
Microsoft Visual Studio Solution File, Format Version 11.00
# Visual Studio 2010
Project("{FAE04EC0-301F-11D3-BF4B-00C04F79EFBC}") = "DraftTracker.Web", "DraftTracker.Web\DraftTracker.Web.csproj", "{F145BA2A-F74E-4189-82E5-BE37B670DBDE}"
EndProject
Project("{FAE04EC0-301F-11D3-BF4B-00C04F79EFBC}") = "DraftTracker.Data", "DraftTracker.Data\DraftTracker.Data.csproj", "{50566FCB-30C0-4EEA-891D-2F3F7A4AA6C2}"
EndProject
Project("{FAE04EC0-301F-11D3-BF4B-00C04F79EFBC}") = "DraftTracker.Data.SqlServer", "DraftTracker.Data.SqlServer\DraftTracker.Data.SqlServer.csproj", "{5E057C30-5527-482D-9C16-8FED4AE750A7}"
EndProject
Project("{FAE04EC0-301F-11D3-BF4B-00C04F79EFBC}") = "DraftTracker.Core", "DraftTracker.Core\DraftTracker.Core.csproj", "{AECDAFB6-B3E7-4375-B381-7E9213358502}"
EndProject
Project("{FAE04EC0-301F-11D3-BF4B-00C04F79EFBC}") = "DataLoader", "DataLoader\DataLoader.csproj", "{A3659468-A2E4-48BB-9C45-D39829201F45}"
EndProject
Global
	GlobalSection(SolutionConfigurationPlatforms) = preSolution
		Debug|Any CPU = Debug|Any CPU
		Debug|Mixed Platforms = Debug|Mixed Platforms
		Debug|x86 = Debug|x86
		Release|Any CPU = Release|Any CPU
		Release|Mixed Platforms = Release|Mixed Platforms
		Release|x86 = Release|x86
	EndGlobalSection
	GlobalSection(ProjectConfigurationPlatforms) = postSolution
		{F145BA2A-F74E-4189-82E5-BE37B670DBDE}.Debug|Any CPU.ActiveCfg = Debug|Any CPU
		{F145BA2A-F74E-4189-82E5-BE37B670DBDE}.Debug|Any CPU.Build.0 = Debug|Any CPU
		{F145BA2A-F74E-4189-82E5-BE37B670DBDE}.Debug|Mixed Platforms.ActiveCfg = Debug|Any CPU
		{F145BA2A-F74E-4189-82E5-BE37B670DBDE}.Debug|Mixed Platforms.Build.0 = Debug|Any CPU
		{F145BA2A-F74E-4189-82E5-BE37B670DBDE}.Debug|x86.ActiveCfg = Debug|Any CPU
		{F145BA2A-F74E-4189-82E5-BE37B670DBDE}.Release|Any CPU.ActiveCfg = Release|Any CPU
		{F145BA2A-F74E-4189-82E5-BE37B670DBDE}.Release|Any CPU.Build.0 = Release|Any CPU
		{F145BA2A-F74E-4189-82E5-BE37B670DBDE}.Release|Mixed Platforms.ActiveCfg = Release|Any CPU
		{F145BA2A-F74E-4189-82E5-BE37B670DBDE}.Release|Mixed Platforms.Build.0 = Release|Any CPU
		{F145BA2A-F74E-4189-82E5-BE37B670DBDE}.Release|x86.ActiveCfg = Release|Any CPU
		{50566FCB-30C0-4EEA-891D-2F3F7A4AA6C2}.Debug|Any CPU.ActiveCfg = Debug|Any CPU
		{50566FCB-30C0-4EEA-891D-2F3F7A4AA6C2}.Debug|Any CPU.Build.0 = Debug|Any CPU
		{50566FCB-30C0-4EEA-891D-2F3F7A4AA6C2}.Debug|Mixed Platforms.ActiveCfg = Debug|Any CPU
		{50566FCB-30C0-4EEA-891D-2F3F7A4AA6C2}.Debug|Mixed Platforms.Build.0 = Debug|Any CPU
		{50566FCB-30C0-4EEA-891D-2F3F7A4AA6C2}.Debug|x86.ActiveCfg = Debug|Any CPU
		{50566FCB-30C0-4EEA-891D-2F3F7A4AA6C2}.Release|Any CPU.ActiveCfg = Release|Any CPU
		{50566FCB-30C0-4EEA-891D-2F3F7A4AA6C2}.Release|Any CPU.Build.0 = Release|Any CPU
		{50566FCB-30C0-4EEA-891D-2F3F7A4AA6C2}.Release|Mixed Platforms.ActiveCfg = Release|Any CPU
		{50566FCB-30C0-4EEA-891D-2F3F7A4AA6C2}.Release|Mixed Platforms.Build.0 = Release|Any CPU
		{50566FCB-30C0-4EEA-891D-2F3F7A4AA6C2}.Release|x86.ActiveCfg = Release|Any CPU
		{5E057C30-5527-482D-9C16-8FED4AE750A7}.Debug|Any CPU.ActiveCfg = Debug|Any CPU
		{5E057C30-5527-482D-9C16-8FED4AE750A7}.Debug|Any CPU.Build.0 = Debug|Any CPU
		{5E057C30-5527-482D-9C16-8FED4AE750A7}.Debug|Mixed Platforms.ActiveCfg = Debug|Any CPU
		{5E057C30-5527-482D-9C16-8FED4AE750A7}.Debug|Mixed Platforms.Build.0 = Debug|Any CPU
		{5E057C30-5527-482D-9C16-8FED4AE750A7}.Debug|x86.ActiveCfg = Debug|Any CPU
		{5E057C30-5527-482D-9C16-8FED4AE750A7}.Release|Any CPU.ActiveCfg = Release|Any CPU
		{5E057C30-5527-482D-9C16-8FED4AE750A7}.Release|Any CPU.Build.0 = Release|Any CPU
		{5E057C30-5527-482D-9C16-8FED4AE750A7}.Release|Mixed Platforms.ActiveCfg = Release|Any CPU
		{5E057C30-5527-482D-9C16-8FED4AE750A7}.Release|Mixed Platforms.Build.0 = Release|Any CPU
		{5E057C30-5527-482D-9C16-8FED4AE750A7}.Release|x86.ActiveCfg = Release|Any CPU
		{AECDAFB6-B3E7-4375-B381-7E9213358502}.Debug|Any CPU.ActiveCfg = Debug|Any CPU
		{AECDAFB6-B3E7-4375-B381-7E9213358502}.Debug|Any CPU.Build.0 = Debug|Any CPU
		{AECDAFB6-B3E7-4375-B381-7E9213358502}.Debug|Mixed Platforms.ActiveCfg = Debug|Any CPU
		{AECDAFB6-B3E7-4375-B381-7E9213358502}.Debug|Mixed Platforms.Build.0 = Debug|Any CPU
		{AECDAFB6-B3E7-4375-B381-7E9213358502}.Debug|x86.ActiveCfg = Debug|Any CPU
		{AECDAFB6-B3E7-4375-B381-7E9213358502}.Release|Any CPU.ActiveCfg = Release|Any CPU
		{AECDAFB6-B3E7-4375-B381-7E9213358502}.Release|Any CPU.Build.0 = Release|Any CPU
		{AECDAFB6-B3E7-4375-B381-7E9213358502}.Release|Mixed Platforms.ActiveCfg = Release|Any CPU
		{AECDAFB6-B3E7-4375-B381-7E9213358502}.Release|Mixed Platforms.Build.0 = Release|Any CPU
		{AECDAFB6-B3E7-4375-B381-7E9213358502}.Release|x86.ActiveCfg = Release|Any CPU
		{A3659468-A2E4-48BB-9C45-D39829201F45}.Debug|Any CPU.ActiveCfg = Debug|x86
		{A3659468-A2E4-48BB-9C45-D39829201F45}.Debug|Mixed Platforms.ActiveCfg = Debug|x86
		{A3659468-A2E4-48BB-9C45-D39829201F45}.Debug|Mixed Platforms.Build.0 = Debug|x86
		{A3659468-A2E4-48BB-9C45-D39829201F45}.Debug|x86.ActiveCfg = Debug|x86
		{A3659468-A2E4-48BB-9C45-D39829201F45}.Debug|x86.Build.0 = Debug|x86
		{A3659468-A2E4-48BB-9C45-D39829201F45}.Release|Any CPU.ActiveCfg = Release|x86
		{A3659468-A2E4-48BB-9C45-D39829201F45}.Release|Mixed Platforms.ActiveCfg = Release|x86
		{A3659468-A2E4-48BB-9C45-D39829201F45}.Release|Mixed Platforms.Build.0 = Release|x86
		{A3659468-A2E4-48BB-9C45-D39829201F45}.Release|x86.ActiveCfg = Release|x86
		{A3659468-A2E4-48BB-9C45-D39829201F45}.Release|x86.Build.0 = Release|x86
	EndGlobalSection
	GlobalSection(SolutionProperties) = preSolution
		HideSolutionNode = FALSE
	EndGlobalSection
EndGlobal
